<?xml version="1.0" encoding="utf-8"?>
<Project ToolsVersion="16.0" xmlns="http://schemas.microsoft.com/developer/msbuild/2003">
  <ItemGroup>
    <ClCompile Include="C:\data\repos\OpenXR-SDK-Source\src\tests\loader_test\loader_test_utils.cpp">
      <Filter>Source Files</Filter>
    </ClCompile>
    <ClCompile Include="C:\data\repos\OpenXR-SDK-Source\src\tests\loader_test\loader_test.cpp">
      <Filter>Source Files</Filter>
    </ClCompile>
    <ClCompile Include="C:\data\repos\OpenXR-SDK-Source\src\common\filesystem_utils.cpp">
      <Filter>Source Files</Filter>
    </ClCompile>
  </ItemGroup>
  <ItemGroup>
    <CustomBuild Include="C:\data\repos\OpenXR-SDK-Source\src\tests\loader_test\CMakeLists.txt" />
  </ItemGroup>
  <ItemGroup>
    <Filter Include="Source Files">
      <UniqueIdentifier>{5DFCFBA9-B3AB-3927-95AB-272A215869D4}</UniqueIdentifier>
    </Filter>
  </ItemGroup>
</Project>
