<?xml version="1.0" encoding="utf-8"?>
<Project ToolsVersion="16.0" xmlns="http://schemas.microsoft.com/developer/msbuild/2003">
  <ItemGroup>
    <ClCompile Include="C:\data\repos\4D-OpenXR\src\tests\loader_test\loader_test_utils.cpp">
      <Filter>Source Files</Filter>
    </ClCompile>
    <ClCompile Include="C:\data\repos\4D-OpenXR\src\tests\loader_test\loader_test.cpp">
      <Filter>Source Files</Filter>
    </ClCompile>
    <ClCompile Include="C:\data\repos\4D-OpenXR\src\common\filesystem_utils.cpp">
      <Filter>Source Files</Filter>
    </ClCompile>
  </ItemGroup>
  <ItemGroup>
    <CustomBuild Include="C:\data\repos\4D-OpenXR\src\tests\loader_test\CMakeLists.txt" />
  </ItemGroup>
  <ItemGroup>
    <Filter Include="Source Files">
      <UniqueIdentifier>{26E6D74E-75F2-3FFF-9022-D24F88FA93FC}</UniqueIdentifier>
    </Filter>
  </ItemGroup>
</Project>
