<?xml version="1.0" encoding="utf-8"?>
<Project ToolsVersion="16.0" xmlns="http://schemas.microsoft.com/developer/msbuild/2003">
  <ItemGroup>
    <CustomBuild Include="C:\data\repos\OpenXR-SDK-Source\CMakeFiles\fd47d23d28ea65829f04bd17ee3648ee\INSTALL_force.rule">
      <Filter>CMake Rules</Filter>
    </CustomBuild>
  </ItemGroup>
  <ItemGroup>
    <Filter Include="CMake Rules">
      <UniqueIdentifier>{BF05F9FF-28C0-3DD6-B972-FDAD4B78927F}</UniqueIdentifier>
    </Filter>
  </ItemGroup>
</Project>
