<?xml version="1.0" encoding="utf-8"?>
<Project ToolsVersion="16.0" xmlns="http://schemas.microsoft.com/developer/msbuild/2003">
  <ItemGroup>
    <CustomBuild Include="C:\data\repos\4D-OpenXR\CMakeFiles\9c4c013311e9409dcf30549d91141a79\copy-test_runtime-def-file.rule">
      <Filter>CMake Rules</Filter>
    </CustomBuild>
    <CustomBuild Include="C:\data\repos\4D-OpenXR\src\tests\loader_test\test_runtimes\CMakeLists.txt" />
  </ItemGroup>
  <ItemGroup>
    <None Include="C:\data\repos\4D-OpenXR\src\tests\loader_test\test_runtimes\CMakeFiles\copy-test_runtime-def-file" />
  </ItemGroup>
  <ItemGroup>
    <Filter Include="CMake Rules">
      <UniqueIdentifier>{D0370173-17AF-3A03-BC4B-4596E8575F7A}</UniqueIdentifier>
    </Filter>
  </ItemGroup>
</Project>
