<?xml version="1.0" encoding="utf-8"?>
<Project ToolsVersion="16.0" xmlns="http://schemas.microsoft.com/developer/msbuild/2003">
  <ItemGroup>
    <ClCompile Include="C:\data\repos\4D-OpenXR\src\api_layers\core_validation.cpp">
      <Filter>Source Files</Filter>
    </ClCompile>
    <ClCompile Include="C:\data\repos\4D-OpenXR\src\common\object_info.cpp">
      <Filter>Source Files</Filter>
    </ClCompile>
    <ClCompile Include="C:\data\repos\4D-OpenXR\src\api_layers\xr_generated_core_validation.cpp">
      <Filter>Source Files</Filter>
    </ClCompile>
    <ClCompile Include="C:\data\repos\4D-OpenXR\src\xr_generated_dispatch_table.c">
      <Filter>Source Files</Filter>
    </ClCompile>
  </ItemGroup>
  <ItemGroup>
    <ClInclude Include="C:\data\repos\4D-OpenXR\src\common\hex_and_handles.h">
      <Filter>Header Files</Filter>
    </ClInclude>
    <ClInclude Include="C:\data\repos\4D-OpenXR\src\common\object_info.h">
      <Filter>Header Files</Filter>
    </ClInclude>
    <ClInclude Include="C:\data\repos\4D-OpenXR\src\api_layers\xr_generated_core_validation.hpp">
      <Filter>Header Files</Filter>
    </ClInclude>
    <ClInclude Include="C:\data\repos\4D-OpenXR\src\xr_generated_dispatch_table.h">
      <Filter>Header Files</Filter>
    </ClInclude>
  </ItemGroup>
  <ItemGroup>
    <CustomBuild Include="C:\data\repos\4D-OpenXR\CMakeFiles\5de5b792e05fdc922be41a16f47a48bd\xr_generated_core_validation.hpp.rule">
      <Filter>CMake Rules</Filter>
    </CustomBuild>
    <CustomBuild Include="C:\data\repos\4D-OpenXR\CMakeFiles\5de5b792e05fdc922be41a16f47a48bd\xr_generated_core_validation.cpp.rule">
      <Filter>CMake Rules</Filter>
    </CustomBuild>
    <CustomBuild Include="C:\data\repos\4D-OpenXR\CMakeFiles\5de5b792e05fdc922be41a16f47a48bd\XrApiLayer_core_validation.json.rule">
      <Filter>CMake Rules</Filter>
    </CustomBuild>
    <CustomBuild Include="C:\data\repos\4D-OpenXR\src\api_layers\CMakeLists.txt" />
  </ItemGroup>
  <ItemGroup>
    <None Include="C:\data\repos\4D-OpenXR\src\api_layers\XrApiLayer_core_validation.json" />
  </ItemGroup>
  <ItemGroup>
    <Filter Include="CMake Rules">
      <UniqueIdentifier>{D0370173-17AF-3A03-BC4B-4596E8575F7A}</UniqueIdentifier>
    </Filter>
    <Filter Include="Header Files">
      <UniqueIdentifier>{8D12AFA7-5EDA-3B12-8496-D3967C8C0B9C}</UniqueIdentifier>
    </Filter>
    <Filter Include="Source Files">
      <UniqueIdentifier>{26E6D74E-75F2-3FFF-9022-D24F88FA93FC}</UniqueIdentifier>
    </Filter>
  </ItemGroup>
</Project>
