<?xml version="1.0" encoding="utf-8"?>
<Project ToolsVersion="16.0" xmlns="http://schemas.microsoft.com/developer/msbuild/2003">
  <ItemGroup>
    <ClCompile Include="C:\data\repos\4D-OpenXR\src\loader\api_layer_interface.cpp">
      <Filter>Source Files</Filter>
    </ClCompile>
    <ClCompile Include="C:\data\repos\4D-OpenXR\src\loader\loader_core.cpp">
      <Filter>Source Files</Filter>
    </ClCompile>
    <ClCompile Include="C:\data\repos\4D-OpenXR\src\loader\loader_instance.cpp">
      <Filter>Source Files</Filter>
    </ClCompile>
    <ClCompile Include="C:\data\repos\4D-OpenXR\src\loader\loader_logger.cpp">
      <Filter>Source Files</Filter>
    </ClCompile>
    <ClCompile Include="C:\data\repos\4D-OpenXR\src\loader\loader_logger_recorders.cpp">
      <Filter>Source Files</Filter>
    </ClCompile>
    <ClCompile Include="C:\data\repos\4D-OpenXR\src\loader\manifest_file.cpp">
      <Filter>Source Files</Filter>
    </ClCompile>
    <ClCompile Include="C:\data\repos\4D-OpenXR\src\loader\runtime_interface.cpp">
      <Filter>Source Files</Filter>
    </ClCompile>
    <ClCompile Include="C:\data\repos\4D-OpenXR\src\xr_generated_dispatch_table.c">
      <Filter>Source Files</Filter>
    </ClCompile>
    <ClCompile Include="C:\data\repos\4D-OpenXR\src\loader\xr_generated_loader.cpp">
      <Filter>Source Files</Filter>
    </ClCompile>
    <ClCompile Include="C:\data\repos\4D-OpenXR\src\common\object_info.cpp">
      <Filter>Source Files</Filter>
    </ClCompile>
    <ClCompile Include="C:\data\repos\4D-OpenXR\src\external\jsoncpp\src\lib_json\json_reader.cpp">
      <Filter>Source Files</Filter>
    </ClCompile>
    <ClCompile Include="C:\data\repos\4D-OpenXR\src\external\jsoncpp\src\lib_json\json_value.cpp">
      <Filter>Source Files</Filter>
    </ClCompile>
    <ClCompile Include="C:\data\repos\4D-OpenXR\src\external\jsoncpp\src\lib_json\json_writer.cpp">
      <Filter>Source Files</Filter>
    </ClCompile>
    <ClCompile Include="C:\data\repos\4D-OpenXR\src\common\filesystem_utils.cpp">
      <Filter>Source Files</Filter>
    </ClCompile>
  </ItemGroup>
  <ItemGroup>
    <ClInclude Include="C:\data\repos\4D-OpenXR\src\loader\api_layer_interface.hpp">
      <Filter>Header Files</Filter>
    </ClInclude>
    <ClInclude Include="C:\data\repos\4D-OpenXR\src\loader\loader_instance.hpp">
      <Filter>Header Files</Filter>
    </ClInclude>
    <ClInclude Include="C:\data\repos\4D-OpenXR\src\loader\loader_logger.hpp">
      <Filter>Header Files</Filter>
    </ClInclude>
    <ClInclude Include="C:\data\repos\4D-OpenXR\src\loader\loader_logger_recorders.hpp">
      <Filter>Header Files</Filter>
    </ClInclude>
    <ClInclude Include="C:\data\repos\4D-OpenXR\src\loader\manifest_file.hpp">
      <Filter>Header Files</Filter>
    </ClInclude>
    <ClInclude Include="C:\data\repos\4D-OpenXR\src\loader\runtime_interface.hpp">
      <Filter>Header Files</Filter>
    </ClInclude>
    <ClInclude Include="C:\data\repos\4D-OpenXR\src\xr_generated_dispatch_table.h">
      <Filter>Header Files</Filter>
    </ClInclude>
    <ClInclude Include="C:\data\repos\4D-OpenXR\src\loader\xr_generated_loader.hpp">
      <Filter>Header Files</Filter>
    </ClInclude>
    <ClInclude Include="C:\data\repos\4D-OpenXR\src\common\hex_and_handles.h">
      <Filter>Header Files</Filter>
    </ClInclude>
    <ClInclude Include="C:\data\repos\4D-OpenXR\src\common\object_info.h">
      <Filter>Header Files</Filter>
    </ClInclude>
    <ClInclude Include="C:\data\repos\4D-OpenXR\src\common\platform_utils.hpp">
      <Filter>Header Files</Filter>
    </ClInclude>
  </ItemGroup>
  <ItemGroup>
    <CustomBuild Include="C:\data\repos\4D-OpenXR\src\loader\CMakeLists.txt" />
  </ItemGroup>
  <ItemGroup>
    <ResourceCompile Include="C:\data\repos\4D-OpenXR\src\loader\loader.rc">
      <Filter>Source Files</Filter>
    </ResourceCompile>
  </ItemGroup>
  <ItemGroup>
    <Filter Include="Header Files">
      <UniqueIdentifier>{8D12AFA7-5EDA-3B12-8496-D3967C8C0B9C}</UniqueIdentifier>
    </Filter>
    <Filter Include="Source Files">
      <UniqueIdentifier>{26E6D74E-75F2-3FFF-9022-D24F88FA93FC}</UniqueIdentifier>
    </Filter>
  </ItemGroup>
</Project>
