<?xml version="1.0" encoding="utf-8"?>
<Project ToolsVersion="16.0" xmlns="http://schemas.microsoft.com/developer/msbuild/2003">
  <ItemGroup>
    <ClCompile Include="C:\data\repos\4D-OpenXR\src\tests\hello_xr\d3d_common.cpp">
      <Filter>Source Files</Filter>
    </ClCompile>
    <ClCompile Include="C:\data\repos\4D-OpenXR\src\tests\hello_xr\graphicsplugin_d3d11.cpp">
      <Filter>Source Files</Filter>
    </ClCompile>
    <ClCompile Include="C:\data\repos\4D-OpenXR\src\tests\hello_xr\graphicsplugin_d3d12.cpp">
      <Filter>Source Files</Filter>
    </ClCompile>
    <ClCompile Include="C:\data\repos\4D-OpenXR\src\tests\hello_xr\graphicsplugin_factory.cpp">
      <Filter>Source Files</Filter>
    </ClCompile>
    <ClCompile Include="C:\data\repos\4D-OpenXR\src\tests\hello_xr\graphicsplugin_opengl.cpp">
      <Filter>Source Files</Filter>
    </ClCompile>
    <ClCompile Include="C:\data\repos\4D-OpenXR\src\tests\hello_xr\graphicsplugin_opengles.cpp">
      <Filter>Source Files</Filter>
    </ClCompile>
    <ClCompile Include="C:\data\repos\4D-OpenXR\src\tests\hello_xr\graphicsplugin_vulkan.cpp">
      <Filter>Source Files</Filter>
    </ClCompile>
    <ClCompile Include="C:\data\repos\4D-OpenXR\src\tests\hello_xr\logger.cpp">
      <Filter>Source Files</Filter>
    </ClCompile>
    <ClCompile Include="C:\data\repos\4D-OpenXR\src\tests\hello_xr\main.cpp">
      <Filter>Source Files</Filter>
    </ClCompile>
    <ClCompile Include="C:\data\repos\4D-OpenXR\src\tests\hello_xr\openxr_program.cpp">
      <Filter>Source Files</Filter>
    </ClCompile>
    <ClCompile Include="C:\data\repos\4D-OpenXR\src\tests\hello_xr\pch.cpp">
      <Filter>Source Files</Filter>
    </ClCompile>
    <ClCompile Include="C:\data\repos\4D-OpenXR\src\tests\hello_xr\platformplugin_android.cpp">
      <Filter>Source Files</Filter>
    </ClCompile>
    <ClCompile Include="C:\data\repos\4D-OpenXR\src\tests\hello_xr\platformplugin_factory.cpp">
      <Filter>Source Files</Filter>
    </ClCompile>
    <ClCompile Include="C:\data\repos\4D-OpenXR\src\tests\hello_xr\platformplugin_win32.cpp">
      <Filter>Source Files</Filter>
    </ClCompile>
    <ClCompile Include="C:\data\repos\4D-OpenXR\src\tests\hello_xr\platformplugin_xlib.cpp">
      <Filter>Source Files</Filter>
    </ClCompile>
  </ItemGroup>
  <ItemGroup>
    <ClInclude Include="C:\data\repos\4D-OpenXR\src\tests\hello_xr\Matrix_lib.h">
      <Filter>Headers</Filter>
    </ClInclude>
    <ClInclude Include="C:\data\repos\4D-OpenXR\src\tests\hello_xr\check.h">
      <Filter>Headers</Filter>
    </ClInclude>
    <ClInclude Include="C:\data\repos\4D-OpenXR\src\tests\hello_xr\common.h">
      <Filter>Headers</Filter>
    </ClInclude>
    <ClInclude Include="C:\data\repos\4D-OpenXR\src\tests\hello_xr\d3d_common.h">
      <Filter>Headers</Filter>
    </ClInclude>
    <ClInclude Include="C:\data\repos\4D-OpenXR\src\tests\hello_xr\data.h">
      <Filter>Headers</Filter>
    </ClInclude>
    <ClInclude Include="C:\data\repos\4D-OpenXR\src\tests\hello_xr\geometry.h">
      <Filter>Headers</Filter>
    </ClInclude>
    <ClInclude Include="C:\data\repos\4D-OpenXR\src\tests\hello_xr\graphicsapi.h">
      <Filter>Headers</Filter>
    </ClInclude>
    <ClInclude Include="C:\data\repos\4D-OpenXR\src\tests\hello_xr\graphicsplugin.h">
      <Filter>Headers</Filter>
    </ClInclude>
    <ClInclude Include="C:\data\repos\4D-OpenXR\src\tests\hello_xr\logger.h">
      <Filter>Headers</Filter>
    </ClInclude>
    <ClInclude Include="C:\data\repos\4D-OpenXR\src\tests\hello_xr\openxr_program.h">
      <Filter>Headers</Filter>
    </ClInclude>
    <ClInclude Include="C:\data\repos\4D-OpenXR\src\tests\hello_xr\options.h">
      <Filter>Headers</Filter>
    </ClInclude>
    <ClInclude Include="C:\data\repos\4D-OpenXR\src\tests\hello_xr\pch.h">
      <Filter>Headers</Filter>
    </ClInclude>
    <ClInclude Include="C:\data\repos\4D-OpenXR\src\tests\hello_xr\platformdata.h">
      <Filter>Headers</Filter>
    </ClInclude>
    <ClInclude Include="C:\data\repos\4D-OpenXR\src\tests\hello_xr\platformplugin.h">
      <Filter>Headers</Filter>
    </ClInclude>
  </ItemGroup>
  <ItemGroup>
    <CustomBuild Include="C:\data\repos\4D-OpenXR\src\tests\hello_xr\CMakeLists.txt" />
  </ItemGroup>
  <ItemGroup>
    <None Include="C:\data\repos\4D-OpenXR\src\tests\hello_xr\vulkan_shaders\frag.glsl">
      <Filter>Shaders</Filter>
    </None>
    <None Include="C:\data\repos\4D-OpenXR\src\tests\hello_xr\vulkan_shaders\vert.glsl">
      <Filter>Shaders</Filter>
    </None>
    <None Include="shaders\vertex.glsl">
      <Filter>Shaders</Filter>
    </None>
    <None Include="shaders\fragment.glsl">
      <Filter>Shaders</Filter>
    </None>
  </ItemGroup>
  <ItemGroup>
    <Filter Include="Headers">
      <UniqueIdentifier>{35D69538-A104-34D1-B866-2B6553EB6D57}</UniqueIdentifier>
    </Filter>
    <Filter Include="Shaders">
      <UniqueIdentifier>{44094A0C-BD0F-3024-93EC-CCD530931763}</UniqueIdentifier>
    </Filter>
    <Filter Include="Source Files">
      <UniqueIdentifier>{26E6D74E-75F2-3FFF-9022-D24F88FA93FC}</UniqueIdentifier>
    </Filter>
  </ItemGroup>
</Project>